
Microsoft Visual Studio Solution File, Format Version 12.00
# Visual Studio Version 16
VisualStudioVersion = 16.0.28803.156
MinimumVisualStudioVersion = 10.0.40219.1
Project("{9A19103F-16F7-4668-BE54-9A1E7A4F7556}") = "MessagingService.Service", "MessagingService.Service\MessagingService.Service.csproj", "{1447AA91-79F9-4A3C-8395-F42E2180DCFC}"
EndProject
Project("{9A19103F-16F7-4668-BE54-9A1E7A4F7556}") = "MessagingService.DataTransferObjects", "MessagingService.DataTransferObjects\MessagingService.DataTransferObjects.csproj", "{80E79D19-A715-407A-A5F4-0BA7B7914A3B}"
EndProject
Project("{9A19103F-16F7-4668-BE54-9A1E7A4F7556}") = "MessagingService.Service.Tests", "MessagingService.Service.Tests\MessagingService.Service.Tests.csproj", "{A1C76AA1-C3E4-4310-BCC5-3CB809360A64}"
EndProject
Project("{2150E333-8FDC-42A3-9474-1A3956D46DE8}") = "src", "src", "{BF2482A1-13C0-4305-B732-AB62EBD9429B}"
EndProject
Project("{2150E333-8FDC-42A3-9474-1A3956D46DE8}") = "test", "test", "{9AEE6ADE-DD45-4605-A933-E06CF0BA4203}"
EndProject
Project("{FAE04EC0-301F-11D3-BF4B-00C04F79EFBC}") = "MessagingService.IntegrationTests.Specflow", "MessagingService.IntegrationTests.Specflow\MessagingService.IntegrationTests.Specflow.csproj", "{FA927C98-99B3-4AAF-9109-D3C3216C43A9}"
EndProject
Global
	GlobalSection(SolutionConfigurationPlatforms) = preSolution
		Debug|Any CPU = Debug|Any CPU
		Release|Any CPU = Release|Any CPU
	EndGlobalSection
	GlobalSection(ProjectConfigurationPlatforms) = postSolution
		{1447AA91-79F9-4A3C-8395-F42E2180DCFC}.Debug|Any CPU.ActiveCfg = Debug|Any CPU
		{1447AA91-79F9-4A3C-8395-F42E2180DCFC}.Debug|Any CPU.Build.0 = Debug|Any CPU
		{1447AA91-79F9-4A3C-8395-F42E2180DCFC}.Release|Any CPU.ActiveCfg = Release|Any CPU
		{1447AA91-79F9-4A3C-8395-F42E2180DCFC}.Release|Any CPU.Build.0 = Release|Any CPU
		{80E79D19-A715-407A-A5F4-0BA7B7914A3B}.Debug|Any CPU.ActiveCfg = Debug|Any CPU
		{80E79D19-A715-407A-A5F4-0BA7B7914A3B}.Debug|Any CPU.Build.0 = Debug|Any CPU
		{80E79D19-A715-407A-A5F4-0BA7B7914A3B}.Release|Any CPU.ActiveCfg = Release|Any CPU
		{80E79D19-A715-407A-A5F4-0BA7B7914A3B}.Release|Any CPU.Build.0 = Release|Any CPU
		{A1C76AA1-C3E4-4310-BCC5-3CB809360A64}.Debug|Any CPU.ActiveCfg = Debug|Any CPU
		{A1C76AA1-C3E4-4310-BCC5-3CB809360A64}.Debug|Any CPU.Build.0 = Debug|Any CPU
		{A1C76AA1-C3E4-4310-BCC5-3CB809360A64}.Release|Any CPU.ActiveCfg = Release|Any CPU
		{A1C76AA1-C3E4-4310-BCC5-3CB809360A64}.Release|Any CPU.Build.0 = Release|Any CPU
		{FA927C98-99B3-4AAF-9109-D3C3216C43A9}.Debug|Any CPU.ActiveCfg = Debug|Any CPU
		{FA927C98-99B3-4AAF-9109-D3C3216C43A9}.Debug|Any CPU.Build.0 = Debug|Any CPU
		{FA927C98-99B3-4AAF-9109-D3C3216C43A9}.Release|Any CPU.ActiveCfg = Release|Any CPU
		{FA927C98-99B3-4AAF-9109-D3C3216C43A9}.Release|Any CPU.Build.0 = Release|Any CPU
	EndGlobalSection
	GlobalSection(SolutionProperties) = preSolution
		HideSolutionNode = FALSE
	EndGlobalSection
	GlobalSection(NestedProjects) = preSolution
		{1447AA91-79F9-4A3C-8395-F42E2180DCFC} = {BF2482A1-13C0-4305-B732-AB62EBD9429B}
		{80E79D19-A715-407A-A5F4-0BA7B7914A3B} = {BF2482A1-13C0-4305-B732-AB62EBD9429B}
		{A1C76AA1-C3E4-4310-BCC5-3CB809360A64} = {9AEE6ADE-DD45-4605-A933-E06CF0BA4203}
		{FA927C98-99B3-4AAF-9109-D3C3216C43A9} = {9AEE6ADE-DD45-4605-A933-E06CF0BA4203}
	EndGlobalSection
	GlobalSection(ExtensibilityGlobals) = postSolution
		SolutionGuid = {1929C0FE-8CEB-4D0E-BD22-9E5E16E2B49F}
	EndGlobalSection
EndGlobal
